
Microsoft Visual Studio Solution File, Format Version 12.00
# Visual Studio Version 17
VisualStudioVersion = 17.11.35219.272
MinimumVisualStudioVersion = 10.0.40219.1
Project("{FAE04EC0-301F-11D3-BF4B-00C04F79EFBC}") = "Duong Chi Khang", "Duong Chi Khang.csproj", "{D526E476-3CA8-4BF1-9044-DAB322E1ED14}"
EndProject
Project("{FAE04EC0-301F-11D3-BF4B-00C04F79EFBC}") = "TrainTicketApi", "TrainTicketApi\TrainTicketApi.csproj", "{3DF9AB73-2A62-4CB8-8495-5D1CD8B0A87C}"
EndProject
Project("{FAE04EC0-301F-11D3-BF4B-00C04F79EFBC}") = "TrainTicketWinForms", "TrainTicketWinForms\TrainTicketWinForms.csproj", "{78E3B92C-2FAE-4AB6-8576-9A626C87D1CD}"
EndProject
Global
	GlobalSection(SolutionConfigurationPlatforms) = preSolution
		Debug|Any CPU = Debug|Any CPU
		Release|Any CPU = Release|Any CPU
	EndGlobalSection
	GlobalSection(ProjectConfigurationPlatforms) = postSolution
		{D526E476-3CA8-4BF1-9044-DAB322E1ED14}.Debug|Any CPU.ActiveCfg = Debug|Any CPU
		{D526E476-3CA8-4BF1-9044-DAB322E1ED14}.Debug|Any CPU.Build.0 = Debug|Any CPU
		{D526E476-3CA8-4BF1-9044-DAB322E1ED14}.Release|Any CPU.ActiveCfg = Release|Any CPU
		{D526E476-3CA8-4BF1-9044-DAB322E1ED14}.Release|Any CPU.Build.0 = Release|Any CPU
		{3DF9AB73-2A62-4CB8-8495-5D1CD8B0A87C}.Debug|Any CPU.ActiveCfg = Debug|Any CPU
		{3DF9AB73-2A62-4CB8-8495-5D1CD8B0A87C}.Debug|Any CPU.Build.0 = Debug|Any CPU
		{3DF9AB73-2A62-4CB8-8495-5D1CD8B0A87C}.Release|Any CPU.ActiveCfg = Release|Any CPU
		{3DF9AB73-2A62-4CB8-8495-5D1CD8B0A87C}.Release|Any CPU.Build.0 = Release|Any CPU
		{78E3B92C-2FAE-4AB6-8576-9A626C87D1CD}.Debug|Any CPU.ActiveCfg = Debug|Any CPU
		{78E3B92C-2FAE-4AB6-8576-9A626C87D1CD}.Debug|Any CPU.Build.0 = Debug|Any CPU
		{78E3B92C-2FAE-4AB6-8576-9A626C87D1CD}.Release|Any CPU.ActiveCfg = Release|Any CPU
		{78E3B92C-2FAE-4AB6-8576-9A626C87D1CD}.Release|Any CPU.Build.0 = Release|Any CPU
	EndGlobalSection
	GlobalSection(SolutionProperties) = preSolution
		HideSolutionNode = FALSE
	EndGlobalSection
	GlobalSection(ExtensibilityGlobals) = postSolution
		SolutionGuid = {47742BCE-AD5B-4F1A-9F10-E6C5402CF90A}
	EndGlobalSection
EndGlobal
